
Microsoft Visual Studio Solution File, Format Version 12.00
# Visual Studio Version 16
VisualStudioVersion = 16.0.31129.286
MinimumVisualStudioVersion = 10.0.40219.1
Project("{FAE04EC0-301F-11D3-BF4B-00C04F79EFBC}") = "Web_Origin", "Web_Origin\Web_Origin.csproj", "{7520904B-A9AF-4C2C-AE0D-1837B01FA1EE}"
EndProject
Project("{54435603-DBB4-11D2-8724-00A0C9A8B90C}") = "SetupWebOrigin", "SetupWebOrigin\SetupWebOrigin.vdproj", "{8C95F70D-785F-4CA4-8B27-1F1A8CEDD661}"
EndProject
Global
	GlobalSection(SolutionConfigurationPlatforms) = preSolution
		Debug|Any CPU = Debug|Any CPU
		Release|Any CPU = Release|Any CPU
	EndGlobalSection
	GlobalSection(ProjectConfigurationPlatforms) = postSolution
		{7520904B-A9AF-4C2C-AE0D-1837B01FA1EE}.Debug|Any CPU.ActiveCfg = Debug|Any CPU
		{7520904B-A9AF-4C2C-AE0D-1837B01FA1EE}.Debug|Any CPU.Build.0 = Debug|Any CPU
		{7520904B-A9AF-4C2C-AE0D-1837B01FA1EE}.Release|Any CPU.ActiveCfg = Release|Any CPU
		{7520904B-A9AF-4C2C-AE0D-1837B01FA1EE}.Release|Any CPU.Build.0 = Release|Any CPU
		{8C95F70D-785F-4CA4-8B27-1F1A8CEDD661}.Debug|Any CPU.ActiveCfg = Debug
		{8C95F70D-785F-4CA4-8B27-1F1A8CEDD661}.Release|Any CPU.ActiveCfg = Release
	EndGlobalSection
	GlobalSection(SolutionProperties) = preSolution
		HideSolutionNode = FALSE
	EndGlobalSection
	GlobalSection(ExtensibilityGlobals) = postSolution
		SolutionGuid = {8BE2ADBC-BB56-41DF-8AD4-6B87B04AE1E8}
	EndGlobalSection
EndGlobal
